{
  "name": "helper",
  "version": "1.0.0",
  "lockfileVersion": 2,
  "requires": true,
  "packages": {
    "": {
      "version": "1.0.0",
      "license": "MIT",
      "dependencies": {
        "@nexssp/ansi": "^1.0.7"
      },
      "devDependencies": {
        "uglify-js": "^3.13.4"
      }
    },
    "node_modules/@nexssp/ansi": {
      "version": "1.0.7",
      "resolved": "https://registry.npmjs.org/@nexssp/ansi/-/ansi-1.0.7.tgz",
      "integrity": "sha512-6iSC6yR7JSId6bQrgBIQXnslcb5fSTrQI84/weEU9Ao90NL4WxeOoQrlmFBAYQUbpyd3dS6g8J8VT5S7Py8WvQ=="
    },
    "node_modules/uglify-js": {
      "version": "3.13.4",
      "resolved": "https://registry.npmjs.org/uglify-js/-/uglify-js-3.13.4.tgz",
      "integrity": "sha512-kv7fCkIXyQIilD5/yQy8O+uagsYIOt5cZvs890W40/e/rvjMSzJw81o9Bg0tkURxzZBROtDQhW2LFjOGoK3RZw==",
      "dev": true,
      "bin": {
        "uglifyjs": "bin/uglifyjs"
      },
      "engines": {
        "node": ">=0.8.0"
      }
    }
  },
  "dependencies": {
    "@nexssp/ansi": {
      "version": "1.0.7",
      "resolved": "https://registry.npmjs.org/@nexssp/ansi/-/ansi-1.0.7.tgz",
      "integrity": "sha512-6iSC6yR7JSId6bQrgBIQXnslcb5fSTrQI84/weEU9Ao90NL4WxeOoQrlmFBAYQUbpyd3dS6g8J8VT5S7Py8WvQ=="
    },
    "uglify-js": {
      "version": "3.13.4",
      "resolved": "https://registry.npmjs.org/uglify-js/-/uglify-js-3.13.4.tgz",
      "integrity": "sha512-kv7fCkIXyQIilD5/yQy8O+uagsYIOt5cZvs890W40/e/rvjMSzJw81o9Bg0tkURxzZBROtDQhW2LFjOGoK3RZw==",
      "dev": true
    }
  }
}
