{
  "name": "@nexssp/const",
  "version": "1.0.13",
  "lockfileVersion": 1,
  "requires": true,
  "dependencies": {
    "@nexssp/ansi": {
      "version": "1.1.1",
      "resolved": "https://registry.npmjs.org/@nexssp/ansi/-/ansi-1.1.1.tgz",
      "integrity": "sha512-A+LEgohLXR1Xkg6khfcdY4f97fHiBM1AzWhiDgiiSR3Z5uV96Y4lZEf/7NOxQjp3kzRE0Ey7s9mbp4UF0fRksA=="
    },
    "@nexssp/stack": {
      "version": "1.0.9",
      "resolved": "https://registry.npmjs.org/@nexssp/stack/-/stack-1.0.9.tgz",
      "integrity": "sha512-KEGdFn4/qBGbDq8ObtXZY9T1aKzebXRDFjRfVk9r8LrI1DEOdabtggNjAW/cukOUZ3usXir4Jo+zwZmIOur6FA==",
      "requires": {
        "@nexssp/ansi": "^1.0.7"
      }
    }
  }
}
