{
  "name": "@nexssp/const",
  "version": "1.0.11",
  "lockfileVersion": 2,
  "requires": true,
  "packages": {
    "": {
      "name": "@nexssp/const",
      "version": "1.0.11",
      "funding": [
        {
          "type": "paypal",
          "url": "https://www.paypal.com/paypalme/mapoart"
        },
        {
          "type": "github",
          "url": "https://github.com/nexssp/cli?sponsor=1"
        }
      ],
      "license": "MIT",
      "dependencies": {
        "@nexssp/ansi": "^1.1.1",
        "@nexssp/stack": "^1.0.8"
      },
      "engines": {
        "node": ">=6.17.0"
      }
    },
    "node_modules/@nexssp/ansi": {
      "version": "1.1.1",
      "resolved": "https://registry.npmjs.org/@nexssp/ansi/-/ansi-1.1.1.tgz",
      "integrity": "sha512-A+LEgohLXR1Xkg6khfcdY4f97fHiBM1AzWhiDgiiSR3Z5uV96Y4lZEf/7NOxQjp3kzRE0Ey7s9mbp4UF0fRksA=="
    },
    "node_modules/@nexssp/stack": {
      "version": "1.0.8",
      "resolved": "https://registry.npmjs.org/@nexssp/stack/-/stack-1.0.8.tgz",
      "integrity": "sha512-m/KCfj4nvdokOAL2adkZz3vIH5l1U/z65Lm/AxEYTTxaD7DaCY1CZgc5zGzgH/YM3UcqplyLSlqO9cTz4sqV+w==",
      "funding": [
        {
          "type": "paypal",
          "url": "https://www.paypal.com/paypalme/mapoart"
        },
        {
          "type": "github",
          "url": "https://github.com/nexssp/cli?sponsor=1"
        }
      ],
      "dependencies": {
        "@nexssp/ansi": "^1.0.7"
      },
      "engines": {
        "node": ">=6.17.0"
      }
    }
  },
  "dependencies": {
    "@nexssp/ansi": {
      "version": "1.1.1",
      "resolved": "https://registry.npmjs.org/@nexssp/ansi/-/ansi-1.1.1.tgz",
      "integrity": "sha512-A+LEgohLXR1Xkg6khfcdY4f97fHiBM1AzWhiDgiiSR3Z5uV96Y4lZEf/7NOxQjp3kzRE0Ey7s9mbp4UF0fRksA=="
    },
    "@nexssp/stack": {
      "version": "1.0.8",
      "resolved": "https://registry.npmjs.org/@nexssp/stack/-/stack-1.0.8.tgz",
      "integrity": "sha512-m/KCfj4nvdokOAL2adkZz3vIH5l1U/z65Lm/AxEYTTxaD7DaCY1CZgc5zGzgH/YM3UcqplyLSlqO9cTz4sqV+w==",
      "requires": {
        "@nexssp/ansi": "^1.0.7"
      }
    }
  }
}
